
Microsoft Visual Studio Solution File, Format Version 12.00
# Visual Studio 2013
VisualStudioVersion = 12.0.31101.0
MinimumVisualStudioVersion = 10.0.40219.1
Project("{FAE04EC0-301F-11D3-BF4B-00C04F79EFBC}") = "SlackApi", "SlackApi\SlackApi.csproj", "{231CC058-BB72-4A01-9A8C-976B09C408DD}"
EndProject
Project("{FAE04EC0-301F-11D3-BF4B-00C04F79EFBC}") = "Test", "Test\Test.csproj", "{6C7E39DB-9F98-40F9-B72A-DEBABC19E44D}"
EndProject
Global
	GlobalSection(SolutionConfigurationPlatforms) = preSolution
		Debug|Any CPU = Debug|Any CPU
		Release|Any CPU = Release|Any CPU
	EndGlobalSection
	GlobalSection(ProjectConfigurationPlatforms) = postSolution
		{231CC058-BB72-4A01-9A8C-976B09C408DD}.Debug|Any CPU.ActiveCfg = Debug|Any CPU
		{231CC058-BB72-4A01-9A8C-976B09C408DD}.Debug|Any CPU.Build.0 = Debug|Any CPU
		{231CC058-BB72-4A01-9A8C-976B09C408DD}.Release|Any CPU.ActiveCfg = Release|Any CPU
		{231CC058-BB72-4A01-9A8C-976B09C408DD}.Release|Any CPU.Build.0 = Release|Any CPU
		{6C7E39DB-9F98-40F9-B72A-DEBABC19E44D}.Debug|Any CPU.ActiveCfg = Debug|Any CPU
		{6C7E39DB-9F98-40F9-B72A-DEBABC19E44D}.Debug|Any CPU.Build.0 = Debug|Any CPU
		{6C7E39DB-9F98-40F9-B72A-DEBABC19E44D}.Release|Any CPU.ActiveCfg = Release|Any CPU
		{6C7E39DB-9F98-40F9-B72A-DEBABC19E44D}.Release|Any CPU.Build.0 = Release|Any CPU
	EndGlobalSection
	GlobalSection(SolutionProperties) = preSolution
		HideSolutionNode = FALSE
	EndGlobalSection
EndGlobal
